// !$*UTF8*$!
{
	archiveVersion = 1;
	classes = {
	};
	objectVersion = 50;
	objects = {

/* Begin PBXBuildFile section */
		7F825BD42506E78300E3377E /* SWGalaxy_AppUITests.swift in Sources */ = {isa = PBXBuildFile; fileRef = 7F825BD32506E78300E3377E /* SWGalaxy_AppUITests.swift */; };
		7F825BDE2506F30700E3377E /* NetworkDataLoader.swift in Sources */ = {isa = PBXBuildFile; fileRef = 7F825BDD2506F30700E3377E /* NetworkDataLoader.swift */; };
		7F825BDF2506F42000E3377E /* MockDataLoader.swift in Sources */ = {isa = PBXBuildFile; fileRef = 7F825BDB2506F2E300E3377E /* MockDataLoader.swift */; };
		7F825BE72506F4E400E3377E /* SWGalaxy_AppTests.swift in Sources */ = {isa = PBXBuildFile; fileRef = 7F825BE62506F4E400E3377E /* SWGalaxy_AppTests.swift */; };
		7F991C3F250C86C200518984 /* SKSpritNode+Utility.swift in Sources */ = {isa = PBXBuildFile; fileRef = 7F991C3E250C86C200518984 /* SKSpritNode+Utility.swift */; };
		7F991C41250C871E00518984 /* CustomScene.swift in Sources */ = {isa = PBXBuildFile; fileRef = 7F991C40250C871E00518984 /* CustomScene.swift */; };
		8335F66E23EF555D005F4249 /* PeopleTab.storyboard in Resources */ = {isa = PBXBuildFile; fileRef = 8335F66D23EF555D005F4249 /* PeopleTab.storyboard */; };
		8335F67123EF5579005F4249 /* ShipsTab.storyboard in Resources */ = {isa = PBXBuildFile; fileRef = 8335F66F23EF5579005F4249 /* ShipsTab.storyboard */; };
		8335F67323EF5587005F4249 /* SpeciesTab.storyboard in Resources */ = {isa = PBXBuildFile; fileRef = 8335F67223EF5587005F4249 /* SpeciesTab.storyboard */; };
		8335F67623EF5598005F4249 /* PlanetsTab.storyboard in Resources */ = {isa = PBXBuildFile; fileRef = 8335F67423EF5598005F4249 /* PlanetsTab.storyboard */; };
		837E737623E53B21004393E7 /* WelcomeViewController.swift in Sources */ = {isa = PBXBuildFile; fileRef = 837E737523E53B21004393E7 /* WelcomeViewController.swift */; };
		837E85B523DB993800490787 /* PersonDetailViewController.swift in Sources */ = {isa = PBXBuildFile; fileRef = 837E85B423DB993800490787 /* PersonDetailViewController.swift */; };
		837E85B723DB994100490787 /* StarShipDetailViewController.swift in Sources */ = {isa = PBXBuildFile; fileRef = 837E85B623DB994100490787 /* StarShipDetailViewController.swift */; };
		837E85B923DB994D00490787 /* SpeciesDetailViewController.swift in Sources */ = {isa = PBXBuildFile; fileRef = 837E85B823DB994D00490787 /* SpeciesDetailViewController.swift */; };
		837E85BB23DB995700490787 /* PlanetsDetailViewController.swift in Sources */ = {isa = PBXBuildFile; fileRef = 837E85BA23DB995700490787 /* PlanetsDetailViewController.swift */; };
		83B45A8723D93075002BFF42 /* AppDelegate.swift in Sources */ = {isa = PBXBuildFile; fileRef = 83B45A8623D93075002BFF42 /* AppDelegate.swift */; };
		83B45A8923D93075002BFF42 /* SceneDelegate.swift in Sources */ = {isa = PBXBuildFile; fileRef = 83B45A8823D93075002BFF42 /* SceneDelegate.swift */; };
		83B45A8E23D93075002BFF42 /* Main.storyboard in Resources */ = {isa = PBXBuildFile; fileRef = 83B45A8C23D93075002BFF42 /* Main.storyboard */; };
		83B45A9023D93078002BFF42 /* Assets.xcassets in Resources */ = {isa = PBXBuildFile; fileRef = 83B45A8F23D93078002BFF42 /* Assets.xcassets */; };
		83B45A9323D93078002BFF42 /* LaunchScreen.storyboard in Resources */ = {isa = PBXBuildFile; fileRef = 83B45A9123D93078002BFF42 /* LaunchScreen.storyboard */; };
		83B45A9F23D947C5002BFF42 /* PersonController.swift in Sources */ = {isa = PBXBuildFile; fileRef = 83B45A9E23D947C5002BFF42 /* PersonController.swift */; };
		83B45AA123D9485C002BFF42 /* Person.swift in Sources */ = {isa = PBXBuildFile; fileRef = 83B45AA023D9485C002BFF42 /* Person.swift */; };
		83B45AA323D948C1002BFF42 /* HTTPMethods.swift in Sources */ = {isa = PBXBuildFile; fileRef = 83B45AA223D948C1002BFF42 /* HTTPMethods.swift */; };
		83B45AA523D94978002BFF42 /* PersonSearchTableViewController.swift in Sources */ = {isa = PBXBuildFile; fileRef = 83B45AA423D94978002BFF42 /* PersonSearchTableViewController.swift */; };
		83B45AA723D952D9002BFF42 /* Starships.swift in Sources */ = {isa = PBXBuildFile; fileRef = 83B45AA623D952D9002BFF42 /* Starships.swift */; };
		83B45AA923D952E4002BFF42 /* Species.swift in Sources */ = {isa = PBXBuildFile; fileRef = 83B45AA823D952E4002BFF42 /* Species.swift */; };
		83B45AAB23D952EE002BFF42 /* Planets.swift in Sources */ = {isa = PBXBuildFile; fileRef = 83B45AAA23D952EE002BFF42 /* Planets.swift */; };
		83B45AAD23D95B15002BFF42 /* StarShipsController.swift in Sources */ = {isa = PBXBuildFile; fileRef = 83B45AAC23D95B15002BFF42 /* StarShipsController.swift */; };
		83B45AB023D96269002BFF42 /* StarShipsTableViewCell.swift in Sources */ = {isa = PBXBuildFile; fileRef = 83B45AAF23D96269002BFF42 /* StarShipsTableViewCell.swift */; };
		83B45AB223D96281002BFF42 /* PersonTableViewCell.swift in Sources */ = {isa = PBXBuildFile; fileRef = 83B45AB123D96281002BFF42 /* PersonTableViewCell.swift */; };
		83B45AB423D96292002BFF42 /* SpeciesTableViewCell.swift in Sources */ = {isa = PBXBuildFile; fileRef = 83B45AB323D96292002BFF42 /* SpeciesTableViewCell.swift */; };
		83B45AB623D9629F002BFF42 /* PlanetsTableViewCell.swift in Sources */ = {isa = PBXBuildFile; fileRef = 83B45AB523D9629F002BFF42 /* PlanetsTableViewCell.swift */; };
		83B45AB823D96350002BFF42 /* StarShipsTableViewController.swift in Sources */ = {isa = PBXBuildFile; fileRef = 83B45AB723D96350002BFF42 /* StarShipsTableViewController.swift */; };
		83B45ABA23D9635C002BFF42 /* SpeciesTableViewController.swift in Sources */ = {isa = PBXBuildFile; fileRef = 83B45AB923D9635C002BFF42 /* SpeciesTableViewController.swift */; };
		83B45ABC23D96391002BFF42 /* PlanetsTableViewController.swift in Sources */ = {isa = PBXBuildFile; fileRef = 83B45ABB23D96391002BFF42 /* PlanetsTableViewController.swift */; };
		83B45ABE23D963BC002BFF42 /* SpeciesController.swift in Sources */ = {isa = PBXBuildFile; fileRef = 83B45ABD23D963BC002BFF42 /* SpeciesController.swift */; };
		83B45AC023D963CA002BFF42 /* PlanetsController.swift in Sources */ = {isa = PBXBuildFile; fileRef = 83B45ABF23D963CA002BFF42 /* PlanetsController.swift */; };
/* End PBXBuildFile section */

/* Begin PBXContainerItemProxy section */
		7F825BD62506E78300E3377E /* PBXContainerItemProxy */ = {
			isa = PBXContainerItemProxy;
			containerPortal = 83B45A7B23D93075002BFF42 /* Project object */;
			proxyType = 1;
			remoteGlobalIDString = 83B45A8223D93075002BFF42;
			remoteInfo = "SWGalaxy App";
		};
		7F825BE92506F4E400E3377E /* PBXContainerItemProxy */ = {
			isa = PBXContainerItemProxy;
			containerPortal = 83B45A7B23D93075002BFF42 /* Project object */;
			proxyType = 1;
			remoteGlobalIDString = 83B45A8223D93075002BFF42;
			remoteInfo = "SWGalaxy App";
		};
/* End PBXContainerItemProxy section */

/* Begin PBXFileReference section */
		7F825BD12506E78300E3377E /* SWGalaxy AppUITests.xctest */ = {isa = PBXFileReference; explicitFileType = wrapper.cfbundle; includeInIndex = 0; path = "SWGalaxy AppUITests.xctest"; sourceTree = BUILT_PRODUCTS_DIR; };
		7F825BD32506E78300E3377E /* SWGalaxy_AppUITests.swift */ = {isa = PBXFileReference; lastKnownFileType = sourcecode.swift; path = SWGalaxy_AppUITests.swift; sourceTree = "<group>"; };
		7F825BD52506E78300E3377E /* Info.plist */ = {isa = PBXFileReference; lastKnownFileType = text.plist.xml; path = Info.plist; sourceTree = "<group>"; };
		7F825BDB2506F2E300E3377E /* MockDataLoader.swift */ = {isa = PBXFileReference; lastKnownFileType = sourcecode.swift; path = MockDataLoader.swift; sourceTree = "<group>"; };
		7F825BDD2506F30700E3377E /* NetworkDataLoader.swift */ = {isa = PBXFileReference; lastKnownFileType = sourcecode.swift; path = NetworkDataLoader.swift; sourceTree = "<group>"; };
		7F825BE42506F4E400E3377E /* SWGalaxy AppTests.xctest */ = {isa = PBXFileReference; explicitFileType = wrapper.cfbundle; includeInIndex = 0; path = "SWGalaxy AppTests.xctest"; sourceTree = BUILT_PRODUCTS_DIR; };
		7F825BE62506F4E400E3377E /* SWGalaxy_AppTests.swift */ = {isa = PBXFileReference; lastKnownFileType = sourcecode.swift; path = SWGalaxy_AppTests.swift; sourceTree = "<group>"; };
		7F825BE82506F4E400E3377E /* Info.plist */ = {isa = PBXFileReference; lastKnownFileType = text.plist.xml; path = Info.plist; sourceTree = "<group>"; };
		7F991C3E250C86C200518984 /* SKSpritNode+Utility.swift */ = {isa = PBXFileReference; lastKnownFileType = sourcecode.swift; path = "SKSpritNode+Utility.swift"; sourceTree = "<group>"; };
		7F991C40250C871E00518984 /* CustomScene.swift */ = {isa = PBXFileReference; lastKnownFileType = sourcecode.swift; path = CustomScene.swift; sourceTree = "<group>"; };
		8335F66D23EF555D005F4249 /* PeopleTab.storyboard */ = {isa = PBXFileReference; fileEncoding = 4; lastKnownFileType = file.storyboard; path = PeopleTab.storyboard; sourceTree = "<group>"; };
		8335F67023EF5579005F4249 /* Base */ = {isa = PBXFileReference; lastKnownFileType = file.storyboard; name = Base; path = "SWGalaxy App/Supporting Files/Base.lproj/ShipsTab.storyboard"; sourceTree = "<group>"; };
		8335F67223EF5587005F4249 /* SpeciesTab.storyboard */ = {isa = PBXFileReference; fileEncoding = 4; lastKnownFileType = file.storyboard; path = SpeciesTab.storyboard; sourceTree = "<group>"; };
		8335F67523EF5598005F4249 /* Base */ = {isa = PBXFileReference; lastKnownFileType = file.storyboard; name = Base; path = "SWGalaxy App/Supporting Files/Base.lproj/PlanetsTab.storyboard"; sourceTree = "<group>"; };
		837E737523E53B21004393E7 /* WelcomeViewController.swift */ = {isa = PBXFileReference; lastKnownFileType = sourcecode.swift; path = WelcomeViewController.swift; sourceTree = "<group>"; };
		837E85B423DB993800490787 /* PersonDetailViewController.swift */ = {isa = PBXFileReference; lastKnownFileType = sourcecode.swift; path = PersonDetailViewController.swift; sourceTree = "<group>"; };
		837E85B623DB994100490787 /* StarShipDetailViewController.swift */ = {isa = PBXFileReference; lastKnownFileType = sourcecode.swift; path = StarShipDetailViewController.swift; sourceTree = "<group>"; };
		837E85B823DB994D00490787 /* SpeciesDetailViewController.swift */ = {isa = PBXFileReference; lastKnownFileType = sourcecode.swift; path = SpeciesDetailViewController.swift; sourceTree = "<group>"; };
		837E85BA23DB995700490787 /* PlanetsDetailViewController.swift */ = {isa = PBXFileReference; lastKnownFileType = sourcecode.swift; path = PlanetsDetailViewController.swift; sourceTree = "<group>"; };
		83B45A8323D93075002BFF42 /* SWGalaxy App.app */ = {isa = PBXFileReference; explicitFileType = wrapper.application; includeInIndex = 0; path = "SWGalaxy App.app"; sourceTree = BUILT_PRODUCTS_DIR; };
		83B45A8623D93075002BFF42 /* AppDelegate.swift */ = {isa = PBXFileReference; lastKnownFileType = sourcecode.swift; path = AppDelegate.swift; sourceTree = "<group>"; };
		83B45A8823D93075002BFF42 /* SceneDelegate.swift */ = {isa = PBXFileReference; lastKnownFileType = sourcecode.swift; path = SceneDelegate.swift; sourceTree = "<group>"; };
		83B45A8D23D93075002BFF42 /* Base */ = {isa = PBXFileReference; lastKnownFileType = file.storyboard; name = Base; path = Base.lproj/Main.storyboard; sourceTree = "<group>"; };
		83B45A8F23D93078002BFF42 /* Assets.xcassets */ = {isa = PBXFileReference; lastKnownFileType = folder.assetcatalog; path = Assets.xcassets; sourceTree = "<group>"; };
		83B45A9223D93078002BFF42 /* Base */ = {isa = PBXFileReference; lastKnownFileType = file.storyboard; name = Base; path = Base.lproj/LaunchScreen.storyboard; sourceTree = "<group>"; };
		83B45A9423D93078002BFF42 /* Info.plist */ = {isa = PBXFileReference; lastKnownFileType = text.plist.xml; path = Info.plist; sourceTree = "<group>"; };
		83B45A9E23D947C5002BFF42 /* PersonController.swift */ = {isa = PBXFileReference; lastKnownFileType = sourcecode.swift; path = PersonController.swift; sourceTree = "<group>"; };
		83B45AA023D9485C002BFF42 /* Person.swift */ = {isa = PBXFileReference; lastKnownFileType = sourcecode.swift; path = Person.swift; sourceTree = "<group>"; };
		83B45AA223D948C1002BFF42 /* HTTPMethods.swift */ = {isa = PBXFileReference; lastKnownFileType = sourcecode.swift; path = HTTPMethods.swift; sourceTree = "<group>"; };
		83B45AA423D94978002BFF42 /* PersonSearchTableViewController.swift */ = {isa = PBXFileReference; lastKnownFileType = sourcecode.swift; path = PersonSearchTableViewController.swift; sourceTree = "<group>"; };
		83B45AA623D952D9002BFF42 /* Starships.swift */ = {isa = PBXFileReference; lastKnownFileType = sourcecode.swift; path = Starships.swift; sourceTree = "<group>"; };
		83B45AA823D952E4002BFF42 /* Species.swift */ = {isa = PBXFileReference; lastKnownFileType = sourcecode.swift; path = Species.swift; sourceTree = "<group>"; };
		83B45AAA23D952EE002BFF42 /* Planets.swift */ = {isa = PBXFileReference; lastKnownFileType = sourcecode.swift; path = Planets.swift; sourceTree = "<group>"; };
		83B45AAC23D95B15002BFF42 /* StarShipsController.swift */ = {isa = PBXFileReference; lastKnownFileType = sourcecode.swift; path = StarShipsController.swift; sourceTree = "<group>"; };
		83B45AAF23D96269002BFF42 /* StarShipsTableViewCell.swift */ = {isa = PBXFileReference; lastKnownFileType = sourcecode.swift; path = StarShipsTableViewCell.swift; sourceTree = "<group>"; };
		83B45AB123D96281002BFF42 /* PersonTableViewCell.swift */ = {isa = PBXFileReference; lastKnownFileType = sourcecode.swift; path = PersonTableViewCell.swift; sourceTree = "<group>"; };
		83B45AB323D96292002BFF42 /* SpeciesTableViewCell.swift */ = {isa = PBXFileReference; lastKnownFileType = sourcecode.swift; path = SpeciesTableViewCell.swift; sourceTree = "<group>"; };
		83B45AB523D9629F002BFF42 /* PlanetsTableViewCell.swift */ = {isa = PBXFileReference; lastKnownFileType = sourcecode.swift; path = PlanetsTableViewCell.swift; sourceTree = "<group>"; };
		83B45AB723D96350002BFF42 /* StarShipsTableViewController.swift */ = {isa = PBXFileReference; lastKnownFileType = sourcecode.swift; path = StarShipsTableViewController.swift; sourceTree = "<group>"; };
		83B45AB923D9635C002BFF42 /* SpeciesTableViewController.swift */ = {isa = PBXFileReference; lastKnownFileType = sourcecode.swift; path = SpeciesTableViewController.swift; sourceTree = "<group>"; };
		83B45ABB23D96391002BFF42 /* PlanetsTableViewController.swift */ = {isa = PBXFileReference; lastKnownFileType = sourcecode.swift; path = PlanetsTableViewController.swift; sourceTree = "<group>"; };
		83B45ABD23D963BC002BFF42 /* SpeciesController.swift */ = {isa = PBXFileReference; lastKnownFileType = sourcecode.swift; path = SpeciesController.swift; sourceTree = "<group>"; };
		83B45ABF23D963CA002BFF42 /* PlanetsController.swift */ = {isa = PBXFileReference; lastKnownFileType = sourcecode.swift; path = PlanetsController.swift; sourceTree = "<group>"; };
/* End PBXFileReference section */

/* Begin PBXFrameworksBuildPhase section */
		7F825BCE2506E78300E3377E /* Frameworks */ = {
			isa = PBXFrameworksBuildPhase;
			buildActionMask = 2147483647;
			files = (
			);
			runOnlyForDeploymentPostprocessing = 0;
		};
		7F825BE12506F4E400E3377E /* Frameworks */ = {
			isa = PBXFrameworksBuildPhase;
			buildActionMask = 2147483647;
			files = (
			);
			runOnlyForDeploymentPostprocessing = 0;
		};
		83B45A8023D93075002BFF42 /* Frameworks */ = {
			isa = PBXFrameworksBuildPhase;
			buildActionMask = 2147483647;
			files = (
			);
			runOnlyForDeploymentPostprocessing = 0;
		};
/* End PBXFrameworksBuildPhase section */

/* Begin PBXGroup section */
		7F825BD22506E78300E3377E /* SWGalaxy AppUITests */ = {
			isa = PBXGroup;
			children = (
				7F825BD32506E78300E3377E /* SWGalaxy_AppUITests.swift */,
				7F825BD52506E78300E3377E /* Info.plist */,
			);
			path = "SWGalaxy AppUITests";
			sourceTree = "<group>";
		};
		7F825BE52506F4E400E3377E /* SWGalaxy AppTests */ = {
			isa = PBXGroup;
			children = (
				7F825BE62506F4E400E3377E /* SWGalaxy_AppTests.swift */,
				7F825BE82506F4E400E3377E /* Info.plist */,
			);
			path = "SWGalaxy AppTests";
			sourceTree = "<group>";
		};
		8335F67723EF55AA005F4249 /* StoryBoards */ = {
			isa = PBXGroup;
			children = (
				83B45A8C23D93075002BFF42 /* Main.storyboard */,
				8335F67423EF5598005F4249 /* PlanetsTab.storyboard */,
				8335F67223EF5587005F4249 /* SpeciesTab.storyboard */,
				8335F66F23EF5579005F4249 /* ShipsTab.storyboard */,
				8335F66D23EF555D005F4249 /* PeopleTab.storyboard */,
			);
			path = StoryBoards;
			sourceTree = "<group>";
		};
		837E85B223DB991100490787 /* TableViews */ = {
			isa = PBXGroup;
			children = (
				83B45AA423D94978002BFF42 /* PersonSearchTableViewController.swift */,
				83B45AB723D96350002BFF42 /* StarShipsTableViewController.swift */,
				83B45AB923D9635C002BFF42 /* SpeciesTableViewController.swift */,
				83B45ABB23D96391002BFF42 /* PlanetsTableViewController.swift */,
				83B45AAE23D96252002BFF42 /* Cells */,
			);
			path = TableViews;
			sourceTree = "<group>";
		};
		837E85B323DB992300490787 /* Detail Views */ = {
			isa = PBXGroup;
			children = (
				837E85B423DB993800490787 /* PersonDetailViewController.swift */,
				837E85B623DB994100490787 /* StarShipDetailViewController.swift */,
				837E85B823DB994D00490787 /* SpeciesDetailViewController.swift */,
				837E85BA23DB995700490787 /* PlanetsDetailViewController.swift */,
			);
			path = "Detail Views";
			sourceTree = "<group>";
		};
		83B45A7A23D93075002BFF42 = {
			isa = PBXGroup;
			children = (
				83B45A8523D93075002BFF42 /* SWGalaxy App */,
				7F825BD22506E78300E3377E /* SWGalaxy AppUITests */,
				7F825BE52506F4E400E3377E /* SWGalaxy AppTests */,
			);
			sourceTree = "<group>";
		};
		83B45A8423D93075002BFF42 /* Products */ = {
			isa = PBXGroup;
			children = (
				83B45A8323D93075002BFF42 /* SWGalaxy App.app */,
				7F825BD12506E78300E3377E /* SWGalaxy AppUITests.xctest */,
				7F825BE42506F4E400E3377E /* SWGalaxy AppTests.xctest */,
			);
			name = Products;
			path = ..;
			sourceTree = "<group>";
		};
		83B45A8523D93075002BFF42 /* SWGalaxy App */ = {
			isa = PBXGroup;
			children = (
				83B45A9C23D930C2002BFF42 /* Models */,
				83B45A9B23D930B6002BFF42 /* Views */,
				83B45A9A23D930AE002BFF42 /* Controllers */,
				83B45A8423D93075002BFF42 /* Products */,
				83B45A9D23D930D6002BFF42 /* Supporting Files */,
				83B45A9423D93078002BFF42 /* Info.plist */,
			);
			path = "SWGalaxy App";
			sourceTree = "<group>";
		};
		83B45A9A23D930AE002BFF42 /* Controllers */ = {
			isa = PBXGroup;
			children = (
				83B45A9E23D947C5002BFF42 /* PersonController.swift */,
				83B45AAC23D95B15002BFF42 /* StarShipsController.swift */,
				83B45ABD23D963BC002BFF42 /* SpeciesController.swift */,
				83B45ABF23D963CA002BFF42 /* PlanetsController.swift */,
			);
			path = Controllers;
			sourceTree = "<group>";
		};
		83B45A9B23D930B6002BFF42 /* Views */ = {
			isa = PBXGroup;
			children = (
				837E85B223DB991100490787 /* TableViews */,
				837E85B323DB992300490787 /* Detail Views */,
				837E737523E53B21004393E7 /* WelcomeViewController.swift */,
			);
			path = Views;
			sourceTree = "<group>";
		};
		83B45A9C23D930C2002BFF42 /* Models */ = {
			isa = PBXGroup;
			children = (
				83B45AA023D9485C002BFF42 /* Person.swift */,
				83B45AA623D952D9002BFF42 /* Starships.swift */,
				83B45AA823D952E4002BFF42 /* Species.swift */,
				83B45AAA23D952EE002BFF42 /* Planets.swift */,
			);
			path = Models;
			sourceTree = "<group>";
		};
		83B45A9D23D930D6002BFF42 /* Supporting Files */ = {
			isa = PBXGroup;
			children = (
				8335F67723EF55AA005F4249 /* StoryBoards */,
				83B45AC123D97627002BFF42 /* Fonts */,
				83B45A8623D93075002BFF42 /* AppDelegate.swift */,
				83B45A8823D93075002BFF42 /* SceneDelegate.swift */,
				83B45A8F23D93078002BFF42 /* Assets.xcassets */,
				83B45A9123D93078002BFF42 /* LaunchScreen.storyboard */,
				83B45AA223D948C1002BFF42 /* HTTPMethods.swift */,
				7F825BDD2506F30700E3377E /* NetworkDataLoader.swift */,
				7F825BDB2506F2E300E3377E /* MockDataLoader.swift */,
				7F991C3E250C86C200518984 /* SKSpritNode+Utility.swift */,
				7F991C40250C871E00518984 /* CustomScene.swift */,
			);
			path = "Supporting Files";
			sourceTree = "<group>";
		};
		83B45AAE23D96252002BFF42 /* Cells */ = {
			isa = PBXGroup;
			children = (
				83B45AB123D96281002BFF42 /* PersonTableViewCell.swift */,
				83B45AAF23D96269002BFF42 /* StarShipsTableViewCell.swift */,
				83B45AB323D96292002BFF42 /* SpeciesTableViewCell.swift */,
				83B45AB523D9629F002BFF42 /* PlanetsTableViewCell.swift */,
			);
			path = Cells;
			sourceTree = "<group>";
		};
		83B45AC123D97627002BFF42 /* Fonts */ = {
			isa = PBXGroup;
			children = (
			);
			path = Fonts;
			sourceTree = "<group>";
		};
/* End PBXGroup section */

/* Begin PBXNativeTarget section */
		7F825BD02506E78300E3377E /* SWGalaxy AppUITests */ = {
			isa = PBXNativeTarget;
			buildConfigurationList = 7F825BDA2506E78300E3377E /* Build configuration list for PBXNativeTarget "SWGalaxy AppUITests" */;
			buildPhases = (
				7F825BCD2506E78300E3377E /* Sources */,
				7F825BCE2506E78300E3377E /* Frameworks */,
				7F825BCF2506E78300E3377E /* Resources */,
			);
			buildRules = (
			);
			dependencies = (
				7F825BD72506E78300E3377E /* PBXTargetDependency */,
			);
			name = "SWGalaxy AppUITests";
			productName = "SWGalaxy AppUITests";
			productReference = 7F825BD12506E78300E3377E /* SWGalaxy AppUITests.xctest */;
			productType = "com.apple.product-type.bundle.ui-testing";
		};
		7F825BE32506F4E400E3377E /* SWGalaxy AppTests */ = {
			isa = PBXNativeTarget;
			buildConfigurationList = 7F825BEB2506F4E400E3377E /* Build configuration list for PBXNativeTarget "SWGalaxy AppTests" */;
			buildPhases = (
				7F825BE02506F4E400E3377E /* Sources */,
				7F825BE12506F4E400E3377E /* Frameworks */,
				7F825BE22506F4E400E3377E /* Resources */,
			);
			buildRules = (
			);
			dependencies = (
				7F825BEA2506F4E400E3377E /* PBXTargetDependency */,
			);
			name = "SWGalaxy AppTests";
			productName = "SWGalaxy AppTests";
			productReference = 7F825BE42506F4E400E3377E /* SWGalaxy AppTests.xctest */;
			productType = "com.apple.product-type.bundle.unit-test";
		};
		83B45A8223D93075002BFF42 /* SWGalaxy App */ = {
			isa = PBXNativeTarget;
			buildConfigurationList = 83B45A9723D93078002BFF42 /* Build configuration list for PBXNativeTarget "SWGalaxy App" */;
			buildPhases = (
				83B45A7F23D93075002BFF42 /* Sources */,
				83B45A8023D93075002BFF42 /* Frameworks */,
				83B45A8123D93075002BFF42 /* Resources */,
			);
			buildRules = (
			);
			dependencies = (
			);
			name = "SWGalaxy App";
			productName = "SWGalaxy App";
			productReference = 83B45A8323D93075002BFF42 /* SWGalaxy App.app */;
			productType = "com.apple.product-type.application";
		};
/* End PBXNativeTarget section */

/* Begin PBXProject section */
		83B45A7B23D93075002BFF42 /* Project object */ = {
			isa = PBXProject;
			attributes = {
				LastSwiftUpdateCheck = 1170;
				LastUpgradeCheck = 1130;
				ORGANIZATIONNAME = "Casanova Studios";
				TargetAttributes = {
					7F825BD02506E78300E3377E = {
						CreatedOnToolsVersion = 11.7;
						TestTargetID = 83B45A8223D93075002BFF42;
					};
					7F825BE32506F4E400E3377E = {
						CreatedOnToolsVersion = 11.7;
						TestTargetID = 83B45A8223D93075002BFF42;
					};
					83B45A8223D93075002BFF42 = {
						CreatedOnToolsVersion = 11.3;
					};
				};
			};
			buildConfigurationList = 83B45A7E23D93075002BFF42 /* Build configuration list for PBXProject "SWGalaxy App" */;
			compatibilityVersion = "Xcode 9.3";
			developmentRegion = en;
			hasScannedForEncodings = 0;
			knownRegions = (
				en,
				Base,
			);
			mainGroup = 83B45A7A23D93075002BFF42;
			productRefGroup = 83B45A8423D93075002BFF42 /* Products */;
			projectDirPath = "";
			projectRoot = "";
			targets = (
				83B45A8223D93075002BFF42 /* SWGalaxy App */,
				7F825BD02506E78300E3377E /* SWGalaxy AppUITests */,
				7F825BE32506F4E400E3377E /* SWGalaxy AppTests */,
			);
		};
/* End PBXProject section */

/* Begin PBXResourcesBuildPhase section */
		7F825BCF2506E78300E3377E /* Resources */ = {
			isa = PBXResourcesBuildPhase;
			buildActionMask = 2147483647;
			files = (
			);
			runOnlyForDeploymentPostprocessing = 0;
		};
		7F825BE22506F4E400E3377E /* Resources */ = {
			isa = PBXResourcesBuildPhase;
			buildActionMask = 2147483647;
			files = (
			);
			runOnlyForDeploymentPostprocessing = 0;
		};
		83B45A8123D93075002BFF42 /* Resources */ = {
			isa = PBXResourcesBuildPhase;
			buildActionMask = 2147483647;
			files = (
				8335F67123EF5579005F4249 /* ShipsTab.storyboard in Resources */,
				83B45A9323D93078002BFF42 /* LaunchScreen.storyboard in Resources */,
				83B45A9023D93078002BFF42 /* Assets.xcassets in Resources */,
				8335F67623EF5598005F4249 /* PlanetsTab.storyboard in Resources */,
				8335F67323EF5587005F4249 /* SpeciesTab.storyboard in Resources */,
				83B45A8E23D93075002BFF42 /* Main.storyboard in Resources */,
				8335F66E23EF555D005F4249 /* PeopleTab.storyboard in Resources */,
			);
			runOnlyForDeploymentPostprocessing = 0;
		};
/* End PBXResourcesBuildPhase section */

/* Begin PBXSourcesBuildPhase section */
		7F825BCD2506E78300E3377E /* Sources */ = {
			isa = PBXSourcesBuildPhase;
			buildActionMask = 2147483647;
			files = (
				7F825BD42506E78300E3377E /* SWGalaxy_AppUITests.swift in Sources */,
			);
			runOnlyForDeploymentPostprocessing = 0;
		};
		7F825BE02506F4E400E3377E /* Sources */ = {
			isa = PBXSourcesBuildPhase;
			buildActionMask = 2147483647;
			files = (
				7F825BE72506F4E400E3377E /* SWGalaxy_AppTests.swift in Sources */,
			);
			runOnlyForDeploymentPostprocessing = 0;
		};
		83B45A7F23D93075002BFF42 /* Sources */ = {
			isa = PBXSourcesBuildPhase;
			buildActionMask = 2147483647;
			files = (
				83B45AB823D96350002BFF42 /* StarShipsTableViewController.swift in Sources */,
				83B45AA523D94978002BFF42 /* PersonSearchTableViewController.swift in Sources */,
				83B45AA323D948C1002BFF42 /* HTTPMethods.swift in Sources */,
				83B45A8723D93075002BFF42 /* AppDelegate.swift in Sources */,
				83B45A9F23D947C5002BFF42 /* PersonController.swift in Sources */,
				83B45AA923D952E4002BFF42 /* Species.swift in Sources */,
				7F991C3F250C86C200518984 /* SKSpritNode+Utility.swift in Sources */,
				7F825BDF2506F42000E3377E /* MockDataLoader.swift in Sources */,
				83B45AB023D96269002BFF42 /* StarShipsTableViewCell.swift in Sources */,
				83B45AB223D96281002BFF42 /* PersonTableViewCell.swift in Sources */,
				837E85B523DB993800490787 /* PersonDetailViewController.swift in Sources */,
				837E737623E53B21004393E7 /* WelcomeViewController.swift in Sources */,
				83B45AAD23D95B15002BFF42 /* StarShipsController.swift in Sources */,
				83B45AA123D9485C002BFF42 /* Person.swift in Sources */,
				83B45ABC23D96391002BFF42 /* PlanetsTableViewController.swift in Sources */,
				837E85BB23DB995700490787 /* PlanetsDetailViewController.swift in Sources */,
				83B45AB623D9629F002BFF42 /* PlanetsTableViewCell.swift in Sources */,
				7F825BDE2506F30700E3377E /* NetworkDataLoader.swift in Sources */,
				837E85B723DB994100490787 /* StarShipDetailViewController.swift in Sources */,
				837E85B923DB994D00490787 /* SpeciesDetailViewController.swift in Sources */,
				83B45A8923D93075002BFF42 /* SceneDelegate.swift in Sources */,
				83B45AC023D963CA002BFF42 /* PlanetsController.swift in Sources */,
				83B45ABA23D9635C002BFF42 /* SpeciesTableViewController.swift in Sources */,
				83B45ABE23D963BC002BFF42 /* SpeciesController.swift in Sources */,
				83B45AA723D952D9002BFF42 /* Starships.swift in Sources */,
				7F991C41250C871E00518984 /* CustomScene.swift in Sources */,
				83B45AB423D96292002BFF42 /* SpeciesTableViewCell.swift in Sources */,
				83B45AAB23D952EE002BFF42 /* Planets.swift in Sources */,
			);
			runOnlyForDeploymentPostprocessing = 0;
		};
/* End PBXSourcesBuildPhase section */

/* Begin PBXTargetDependency section */
		7F825BD72506E78300E3377E /* PBXTargetDependency */ = {
			isa = PBXTargetDependency;
			target = 83B45A8223D93075002BFF42 /* SWGalaxy App */;
			targetProxy = 7F825BD62506E78300E3377E /* PBXContainerItemProxy */;
		};
		7F825BEA2506F4E400E3377E /* PBXTargetDependency */ = {
			isa = PBXTargetDependency;
			target = 83B45A8223D93075002BFF42 /* SWGalaxy App */;
			targetProxy = 7F825BE92506F4E400E3377E /* PBXContainerItemProxy */;
		};
/* End PBXTargetDependency section */

/* Begin PBXVariantGroup section */
		8335F66F23EF5579005F4249 /* ShipsTab.storyboard */ = {
			isa = PBXVariantGroup;
			children = (
				8335F67023EF5579005F4249 /* Base */,
			);
			name = ShipsTab.storyboard;
			sourceTree = "<group>";
		};
		8335F67423EF5598005F4249 /* PlanetsTab.storyboard */ = {
			isa = PBXVariantGroup;
			children = (
				8335F67523EF5598005F4249 /* Base */,
			);
			name = PlanetsTab.storyboard;
			sourceTree = "<group>";
		};
		83B45A8C23D93075002BFF42 /* Main.storyboard */ = {
			isa = PBXVariantGroup;
			children = (
				83B45A8D23D93075002BFF42 /* Base */,
			);
			name = Main.storyboard;
			sourceTree = "<group>";
		};
		83B45A9123D93078002BFF42 /* LaunchScreen.storyboard */ = {
			isa = PBXVariantGroup;
			children = (
				83B45A9223D93078002BFF42 /* Base */,
			);
			name = LaunchScreen.storyboard;
			sourceTree = "<group>";
		};
/* End PBXVariantGroup section */

/* Begin XCBuildConfiguration section */
		7F825BD82506E78300E3377E /* Debug */ = {
			isa = XCBuildConfiguration;
			buildSettings = {
				CODE_SIGN_STYLE = Automatic;
				DEVELOPMENT_TEAM = HL3XLM68NV;
				INFOPLIST_FILE = "SWGalaxy AppUITests/Info.plist";
				IPHONEOS_DEPLOYMENT_TARGET = 13.7;
				LD_RUNPATH_SEARCH_PATHS = (
					"$(inherited)",
					"@executable_path/Frameworks",
					"@loader_path/Frameworks",
				);
				PRODUCT_BUNDLE_IDENTIFIER = "CasanovaStudios.SWGalaxy-AppUITests";
				PRODUCT_NAME = "$(TARGET_NAME)";
				SWIFT_VERSION = 5.0;
				TARGETED_DEVICE_FAMILY = "1,2";
				TEST_TARGET_NAME = "SWGalaxy App";
			};
			name = Debug;
		};
		7F825BD92506E78300E3377E /* Release */ = {
			isa = XCBuildConfiguration;
			buildSettings = {
				CODE_SIGN_STYLE = Automatic;
				DEVELOPMENT_TEAM = HL3XLM68NV;
				INFOPLIST_FILE = "SWGalaxy AppUITests/Info.plist";
				IPHONEOS_DEPLOYMENT_TARGET = 13.7;
				LD_RUNPATH_SEARCH_PATHS = (
					"$(inherited)",
					"@executable_path/Frameworks",
					"@loader_path/Frameworks",
				);
				PRODUCT_BUNDLE_IDENTIFIER = "CasanovaStudios.SWGalaxy-AppUITests";
				PRODUCT_NAME = "$(TARGET_NAME)";
				SWIFT_VERSION = 5.0;
				TARGETED_DEVICE_FAMILY = "1,2";
				TEST_TARGET_NAME = "SWGalaxy App";
			};
			name = Release;
		};
		7F825BEC2506F4E400E3377E /* Debug */ = {
			isa = XCBuildConfiguration;
			buildSettings = {
				BUNDLE_LOADER = "$(TEST_HOST)";
				CODE_SIGN_STYLE = Automatic;
				DEVELOPMENT_TEAM = HL3XLM68NV;
				INFOPLIST_FILE = "SWGalaxy AppTests/Info.plist";
				IPHONEOS_DEPLOYMENT_TARGET = 13.7;
				LD_RUNPATH_SEARCH_PATHS = (
					"$(inherited)",
					"@executable_path/Frameworks",
					"@loader_path/Frameworks",
				);
				PRODUCT_BUNDLE_IDENTIFIER = "CasanovaStudios.SWGalaxy-AppTests";
				PRODUCT_NAME = "$(TARGET_NAME)";
				SWIFT_VERSION = 5.0;
				TARGETED_DEVICE_FAMILY = "1,2";
				TEST_HOST = "$(BUILT_PRODUCTS_DIR)/SWGalaxy App.app/SWGalaxy App";
			};
			name = Debug;
		};
		7F825BED2506F4E400E3377E /* Release */ = {
			isa = XCBuildConfiguration;
			buildSettings = {
				BUNDLE_LOADER = "$(TEST_HOST)";
				CODE_SIGN_STYLE = Automatic;
				DEVELOPMENT_TEAM = HL3XLM68NV;
				INFOPLIST_FILE = "SWGalaxy AppTests/Info.plist";
				IPHONEOS_DEPLOYMENT_TARGET = 13.7;
				LD_RUNPATH_SEARCH_PATHS = (
					"$(inherited)",
					"@executable_path/Frameworks",
					"@loader_path/Frameworks",
				);
				PRODUCT_BUNDLE_IDENTIFIER = "CasanovaStudios.SWGalaxy-AppTests";
				PRODUCT_NAME = "$(TARGET_NAME)";
				SWIFT_VERSION = 5.0;
				TARGETED_DEVICE_FAMILY = "1,2";
				TEST_HOST = "$(BUILT_PRODUCTS_DIR)/SWGalaxy App.app/SWGalaxy App";
			};
			name = Release;
		};
		83B45A9523D93078002BFF42 /* Debug */ = {
			isa = XCBuildConfiguration;
			buildSettings = {
				ALWAYS_SEARCH_USER_PATHS = NO;
				CLANG_ANALYZER_NONNULL = YES;
				CLANG_ANALYZER_NUMBER_OBJECT_CONVERSION = YES_AGGRESSIVE;
				CLANG_CXX_LANGUAGE_STANDARD = "gnu++14";
				CLANG_CXX_LIBRARY = "libc++";
				CLANG_ENABLE_MODULES = YES;
				CLANG_ENABLE_OBJC_ARC = YES;
				CLANG_ENABLE_OBJC_WEAK = YES;
				CLANG_WARN_BLOCK_CAPTURE_AUTORELEASING = YES;
				CLANG_WARN_BOOL_CONVERSION = YES;
				CLANG_WARN_COMMA = YES;
				CLANG_WARN_CONSTANT_CONVERSION = YES;
				CLANG_WARN_DEPRECATED_OBJC_IMPLEMENTATIONS = YES;
				CLANG_WARN_DIRECT_OBJC_ISA_USAGE = YES_ERROR;
				CLANG_WARN_DOCUMENTATION_COMMENTS = YES;
				CLANG_WARN_EMPTY_BODY = YES;
				CLANG_WARN_ENUM_CONVERSION = YES;
				CLANG_WARN_INFINITE_RECURSION = YES;
				CLANG_WARN_INT_CONVERSION = YES;
				CLANG_WARN_NON_LITERAL_NULL_CONVERSION = YES;
				CLANG_WARN_OBJC_IMPLICIT_RETAIN_SELF = YES;
				CLANG_WARN_OBJC_LITERAL_CONVERSION = YES;
				CLANG_WARN_OBJC_ROOT_CLASS = YES_ERROR;
				CLANG_WARN_RANGE_LOOP_ANALYSIS = YES;
				CLANG_WARN_STRICT_PROTOTYPES = YES;
				CLANG_WARN_SUSPICIOUS_MOVE = YES;
				CLANG_WARN_UNGUARDED_AVAILABILITY = YES_AGGRESSIVE;
				CLANG_WARN_UNREACHABLE_CODE = YES;
				CLANG_WARN__DUPLICATE_METHOD_MATCH = YES;
				COPY_PHASE_STRIP = NO;
				DEBUG_INFORMATION_FORMAT = dwarf;
				ENABLE_STRICT_OBJC_MSGSEND = YES;
				ENABLE_TESTABILITY = YES;
				GCC_C_LANGUAGE_STANDARD = gnu11;
				GCC_DYNAMIC_NO_PIC = NO;
				GCC_NO_COMMON_BLOCKS = YES;
				GCC_OPTIMIZATION_LEVEL = 0;
				GCC_PREPROCESSOR_DEFINITIONS = (
					"DEBUG=1",
					"$(inherited)",
				);
				GCC_WARN_64_TO_32_BIT_CONVERSION = YES;
				GCC_WARN_ABOUT_RETURN_TYPE = YES_ERROR;
				GCC_WARN_UNDECLARED_SELECTOR = YES;
				GCC_WARN_UNINITIALIZED_AUTOS = YES_AGGRESSIVE;
				GCC_WARN_UNUSED_FUNCTION = YES;
				GCC_WARN_UNUSED_VARIABLE = YES;
				IPHONEOS_DEPLOYMENT_TARGET = 13.2;
				MTL_ENABLE_DEBUG_INFO = INCLUDE_SOURCE;
				MTL_FAST_MATH = YES;
				ONLY_ACTIVE_ARCH = YES;
				SDKROOT = iphoneos;
				SWIFT_ACTIVE_COMPILATION_CONDITIONS = DEBUG;
				SWIFT_OPTIMIZATION_LEVEL = "-Onone";
			};
			name = Debug;
		};
		83B45A9623D93078002BFF42 /* Release */ = {
			isa = XCBuildConfiguration;
			buildSettings = {
				ALWAYS_SEARCH_USER_PATHS = NO;
				CLANG_ANALYZER_NONNULL = YES;
				CLANG_ANALYZER_NUMBER_OBJECT_CONVERSION = YES_AGGRESSIVE;
				CLANG_CXX_LANGUAGE_STANDARD = "gnu++14";
				CLANG_CXX_LIBRARY = "libc++";
				CLANG_ENABLE_MODULES = YES;
				CLANG_ENABLE_OBJC_ARC = YES;
				CLANG_ENABLE_OBJC_WEAK = YES;
				CLANG_WARN_BLOCK_CAPTURE_AUTORELEASING = YES;
				CLANG_WARN_BOOL_CONVERSION = YES;
				CLANG_WARN_COMMA = YES;
				CLANG_WARN_CONSTANT_CONVERSION = YES;
				CLANG_WARN_DEPRECATED_OBJC_IMPLEMENTATIONS = YES;
				CLANG_WARN_DIRECT_OBJC_ISA_USAGE = YES_ERROR;
				CLANG_WARN_DOCUMENTATION_COMMENTS = YES;
				CLANG_WARN_EMPTY_BODY = YES;
				CLANG_WARN_ENUM_CONVERSION = YES;
				CLANG_WARN_INFINITE_RECURSION = YES;
				CLANG_WARN_INT_CONVERSION = YES;
				CLANG_WARN_NON_LITERAL_NULL_CONVERSION = YES;
				CLANG_WARN_OBJC_IMPLICIT_RETAIN_SELF = YES;
				CLANG_WARN_OBJC_LITERAL_CONVERSION = YES;
				CLANG_WARN_OBJC_ROOT_CLASS = YES_ERROR;
				CLANG_WARN_RANGE_LOOP_ANALYSIS = YES;
				CLANG_WARN_STRICT_PROTOTYPES = YES;
				CLANG_WARN_SUSPICIOUS_MOVE = YES;
				CLANG_WARN_UNGUARDED_AVAILABILITY = YES_AGGRESSIVE;
				CLANG_WARN_UNREACHABLE_CODE = YES;
				CLANG_WARN__DUPLICATE_METHOD_MATCH = YES;
				COPY_PHASE_STRIP = NO;
				DEBUG_INFORMATION_FORMAT = "dwarf-with-dsym";
				ENABLE_NS_ASSERTIONS = NO;
				ENABLE_STRICT_OBJC_MSGSEND = YES;
				GCC_C_LANGUAGE_STANDARD = gnu11;
				GCC_NO_COMMON_BLOCKS = YES;
				GCC_WARN_64_TO_32_BIT_CONVERSION = YES;
				GCC_WARN_ABOUT_RETURN_TYPE = YES_ERROR;
				GCC_WARN_UNDECLARED_SELECTOR = YES;
				GCC_WARN_UNINITIALIZED_AUTOS = YES_AGGRESSIVE;
				GCC_WARN_UNUSED_FUNCTION = YES;
				GCC_WARN_UNUSED_VARIABLE = YES;
				IPHONEOS_DEPLOYMENT_TARGET = 13.2;
				MTL_ENABLE_DEBUG_INFO = NO;
				MTL_FAST_MATH = YES;
				SDKROOT = iphoneos;
				SWIFT_COMPILATION_MODE = wholemodule;
				SWIFT_OPTIMIZATION_LEVEL = "-O";
				VALIDATE_PRODUCT = YES;
			};
			name = Release;
		};
		83B45A9823D93078002BFF42 /* Debug */ = {
			isa = XCBuildConfiguration;
			buildSettings = {
				ASSETCATALOG_COMPILER_APPICON_NAME = AppIcon;
				CODE_SIGN_STYLE = Automatic;
				DEVELOPMENT_TEAM = HL3XLM68NV;
				INFOPLIST_FILE = "SWGalaxy App/Info.plist";
				LD_RUNPATH_SEARCH_PATHS = (
					"$(inherited)",
					"@executable_path/Frameworks",
				);
				PRODUCT_BUNDLE_IDENTIFIER = "com.CasanovaStudios.SWGalaxy-App";
				PRODUCT_NAME = "$(TARGET_NAME)";
				SWIFT_VERSION = 5.0;
				TARGETED_DEVICE_FAMILY = 1;
			};
			name = Debug;
		};
		83B45A9923D93078002BFF42 /* Release */ = {
			isa = XCBuildConfiguration;
			buildSettings = {
				ASSETCATALOG_COMPILER_APPICON_NAME = AppIcon;
				CODE_SIGN_STYLE = Automatic;
				DEVELOPMENT_TEAM = HL3XLM68NV;
				INFOPLIST_FILE = "SWGalaxy App/Info.plist";
				LD_RUNPATH_SEARCH_PATHS = (
					"$(inherited)",
					"@executable_path/Frameworks",
				);
				PRODUCT_BUNDLE_IDENTIFIER = "com.CasanovaStudios.SWGalaxy-App";
				PRODUCT_NAME = "$(TARGET_NAME)";
				SWIFT_VERSION = 5.0;
				TARGETED_DEVICE_FAMILY = 1;
			};
			name = Release;
		};
/* End XCBuildConfiguration section */

/* Begin XCConfigurationList section */
		7F825BDA2506E78300E3377E /* Build configuration list for PBXNativeTarget "SWGalaxy AppUITests" */ = {
			isa = XCConfigurationList;
			buildConfigurations = (
				7F825BD82506E78300E3377E /* Debug */,
				7F825BD92506E78300E3377E /* Release */,
			);
			defaultConfigurationIsVisible = 0;
			defaultConfigurationName = Release;
		};
		7F825BEB2506F4E400E3377E /* Build configuration list for PBXNativeTarget "SWGalaxy AppTests" */ = {
			isa = XCConfigurationList;
			buildConfigurations = (
				7F825BEC2506F4E400E3377E /* Debug */,
				7F825BED2506F4E400E3377E /* Release */,
			);
			defaultConfigurationIsVisible = 0;
			defaultConfigurationName = Release;
		};
		83B45A7E23D93075002BFF42 /* Build configuration list for PBXProject "SWGalaxy App" */ = {
			isa = XCConfigurationList;
			buildConfigurations = (
				83B45A9523D93078002BFF42 /* Debug */,
				83B45A9623D93078002BFF42 /* Release */,
			);
			defaultConfigurationIsVisible = 0;
			defaultConfigurationName = Release;
		};
		83B45A9723D93078002BFF42 /* Build configuration list for PBXNativeTarget "SWGalaxy App" */ = {
			isa = XCConfigurationList;
			buildConfigurations = (
				83B45A9823D93078002BFF42 /* Debug */,
				83B45A9923D93078002BFF42 /* Release */,
			);
			defaultConfigurationIsVisible = 0;
			defaultConfigurationName = Release;
		};
/* End XCConfigurationList section */
	};
	rootObject = 83B45A7B23D93075002BFF42 /* Project object */;
}
